{
    "_readme": [
        "This file locks the dependencies of your project to a known state",
        "Read more about it at https://getcomposer.org/doc/01-basic-usage.md#composer-lock-the-lock-file",
        "This file is @generated automatically"
    ],
    "hash": "948c893fb911d21336c355c27b4720ee",
    "content-hash": "db2f6486b5d407edf123b8491134f3e3",
    "packages": [
        {
            "name": "vendor/dependency-name",
            "version": "1.0.0",
            "dist": {
                "type": "zip",
                "url": "file:///dev/null/test-repository/vendor-dependency-name-1.0.0.zip",
                "reference": "master",
                "shasum": null
            },
            "type": "library",
            "license": [
                "MIT"
            ]
        },
        {
            "name": "vendor/unstable-dependency",
            "version": "dev-master",
            "dist": {
                "type": "vcs",
                "url": "file:///dev/null/test-repository/unstable-dependency-123456789.zip",
                "reference": "123456789",
                "shasum": "123456789"
            },
            "type": "library",
            "license": [
                "MIT"
            ],
            "extra": {
                "branch-alias": {
                    "dev-master": "2.0.x-dev"
                }
            }
        }
    ],
    "packages-dev": [],
    "aliases": [],
    "minimum-stability": "stable",
    "stability-flags": [],
    "prefer-stable": false,
    "prefer-lowest": false,
    "platform": [],
    "platform-dev": []
}
